
Microsoft Visual Studio Solution File, Format Version 12.00
# Visual Studio Version 16
VisualStudioVersion = 16.6.30114.105
MinimumVisualStudioVersion = 10.0.40219.1
Project("{FAE04EC0-301F-11D3-BF4B-00C04F79EFBC}") = "ProAgil.WebAPI", "ProAgil.WebAPI\ProAgil.WebAPI.csproj", "{BA2880FD-7D00-49A5-9CD3-6CED4DABB16A}"
EndProject
Project("{FAE04EC0-301F-11D3-BF4B-00C04F79EFBC}") = "ProAgil.Repository", "ProAgil.Repository\ProAgil.Repository.csproj", "{580E1318-FB80-4B35-9308-4E0CDA5391DB}"
EndProject
Project("{FAE04EC0-301F-11D3-BF4B-00C04F79EFBC}") = "ProAgil.Domain", "ProAgil.Domain\ProAgil.Domain.csproj", "{0F61D91B-88BB-4960-A517-77208913F7C6}"
EndProject
Global
	GlobalSection(SolutionConfigurationPlatforms) = preSolution
		Debug|Any CPU = Debug|Any CPU
		Debug|x64 = Debug|x64
		Debug|x86 = Debug|x86
		Release|Any CPU = Release|Any CPU
		Release|x64 = Release|x64
		Release|x86 = Release|x86
	EndGlobalSection
	GlobalSection(SolutionProperties) = preSolution
		HideSolutionNode = FALSE
	EndGlobalSection
	GlobalSection(ProjectConfigurationPlatforms) = postSolution
		{BA2880FD-7D00-49A5-9CD3-6CED4DABB16A}.Debug|Any CPU.ActiveCfg = Debug|Any CPU
		{BA2880FD-7D00-49A5-9CD3-6CED4DABB16A}.Debug|Any CPU.Build.0 = Debug|Any CPU
		{BA2880FD-7D00-49A5-9CD3-6CED4DABB16A}.Debug|x64.ActiveCfg = Debug|Any CPU
		{BA2880FD-7D00-49A5-9CD3-6CED4DABB16A}.Debug|x64.Build.0 = Debug|Any CPU
		{BA2880FD-7D00-49A5-9CD3-6CED4DABB16A}.Debug|x86.ActiveCfg = Debug|Any CPU
		{BA2880FD-7D00-49A5-9CD3-6CED4DABB16A}.Debug|x86.Build.0 = Debug|Any CPU
		{BA2880FD-7D00-49A5-9CD3-6CED4DABB16A}.Release|Any CPU.ActiveCfg = Release|Any CPU
		{BA2880FD-7D00-49A5-9CD3-6CED4DABB16A}.Release|Any CPU.Build.0 = Release|Any CPU
		{BA2880FD-7D00-49A5-9CD3-6CED4DABB16A}.Release|x64.ActiveCfg = Release|Any CPU
		{BA2880FD-7D00-49A5-9CD3-6CED4DABB16A}.Release|x64.Build.0 = Release|Any CPU
		{BA2880FD-7D00-49A5-9CD3-6CED4DABB16A}.Release|x86.ActiveCfg = Release|Any CPU
		{BA2880FD-7D00-49A5-9CD3-6CED4DABB16A}.Release|x86.Build.0 = Release|Any CPU
		{580E1318-FB80-4B35-9308-4E0CDA5391DB}.Debug|Any CPU.ActiveCfg = Debug|Any CPU
		{580E1318-FB80-4B35-9308-4E0CDA5391DB}.Debug|Any CPU.Build.0 = Debug|Any CPU
		{580E1318-FB80-4B35-9308-4E0CDA5391DB}.Debug|x64.ActiveCfg = Debug|Any CPU
		{580E1318-FB80-4B35-9308-4E0CDA5391DB}.Debug|x64.Build.0 = Debug|Any CPU
		{580E1318-FB80-4B35-9308-4E0CDA5391DB}.Debug|x86.ActiveCfg = Debug|Any CPU
		{580E1318-FB80-4B35-9308-4E0CDA5391DB}.Debug|x86.Build.0 = Debug|Any CPU
		{580E1318-FB80-4B35-9308-4E0CDA5391DB}.Release|Any CPU.ActiveCfg = Release|Any CPU
		{580E1318-FB80-4B35-9308-4E0CDA5391DB}.Release|Any CPU.Build.0 = Release|Any CPU
		{580E1318-FB80-4B35-9308-4E0CDA5391DB}.Release|x64.ActiveCfg = Release|Any CPU
		{580E1318-FB80-4B35-9308-4E0CDA5391DB}.Release|x64.Build.0 = Release|Any CPU
		{580E1318-FB80-4B35-9308-4E0CDA5391DB}.Release|x86.ActiveCfg = Release|Any CPU
		{580E1318-FB80-4B35-9308-4E0CDA5391DB}.Release|x86.Build.0 = Release|Any CPU
		{0F61D91B-88BB-4960-A517-77208913F7C6}.Debug|Any CPU.ActiveCfg = Debug|Any CPU
		{0F61D91B-88BB-4960-A517-77208913F7C6}.Debug|Any CPU.Build.0 = Debug|Any CPU
		{0F61D91B-88BB-4960-A517-77208913F7C6}.Debug|x64.ActiveCfg = Debug|Any CPU
		{0F61D91B-88BB-4960-A517-77208913F7C6}.Debug|x64.Build.0 = Debug|Any CPU
		{0F61D91B-88BB-4960-A517-77208913F7C6}.Debug|x86.ActiveCfg = Debug|Any CPU
		{0F61D91B-88BB-4960-A517-77208913F7C6}.Debug|x86.Build.0 = Debug|Any CPU
		{0F61D91B-88BB-4960-A517-77208913F7C6}.Release|Any CPU.ActiveCfg = Release|Any CPU
		{0F61D91B-88BB-4960-A517-77208913F7C6}.Release|Any CPU.Build.0 = Release|Any CPU
		{0F61D91B-88BB-4960-A517-77208913F7C6}.Release|x64.ActiveCfg = Release|Any CPU
		{0F61D91B-88BB-4960-A517-77208913F7C6}.Release|x64.Build.0 = Release|Any CPU
		{0F61D91B-88BB-4960-A517-77208913F7C6}.Release|x86.ActiveCfg = Release|Any CPU
		{0F61D91B-88BB-4960-A517-77208913F7C6}.Release|x86.Build.0 = Release|Any CPU
	EndGlobalSection
EndGlobal
